
Microsoft Visual Studio Solution File, Format Version 12.00
# Visual Studio 15
VisualStudioVersion = 15.0.27004.2009
MinimumVisualStudioVersion = 10.0.40219.1
Project("{FAE04EC0-301F-11D3-BF4B-00C04F79EFBC}") = "YoutubeVideoDownloader", "YoutubeVideoDownloader\YoutubeVideoDownloader.csproj", "{F7E9F3C1-4EF4-442B-88B4-77CD0A2FA48D}"
EndProject
Global
	GlobalSection(SolutionConfigurationPlatforms) = preSolution
		Debug|Any CPU = Debug|Any CPU
		Release|Any CPU = Release|Any CPU
	EndGlobalSection
	GlobalSection(ProjectConfigurationPlatforms) = postSolution
		{F7E9F3C1-4EF4-442B-88B4-77CD0A2FA48D}.Debug|Any CPU.ActiveCfg = Debug|Any CPU
		{F7E9F3C1-4EF4-442B-88B4-77CD0A2FA48D}.Debug|Any CPU.Build.0 = Debug|Any CPU
		{F7E9F3C1-4EF4-442B-88B4-77CD0A2FA48D}.Release|Any CPU.ActiveCfg = Release|Any CPU
		{F7E9F3C1-4EF4-442B-88B4-77CD0A2FA48D}.Release|Any CPU.Build.0 = Release|Any CPU
	EndGlobalSection
	GlobalSection(SolutionProperties) = preSolution
		HideSolutionNode = FALSE
	EndGlobalSection
	GlobalSection(ExtensibilityGlobals) = postSolution
		SolutionGuid = {50E5028C-B16C-4721-9B3B-B2BDA5219A2D}
	EndGlobalSection
EndGlobal
